// !$*UTF8*$!
{
	archiveVersion = 1;
	classes = {
	};
	objectVersion = 46;
	objects = {

/* Begin PBXBuildFile section */
		26A904C86A397A0D04946281 /* libPods.a in Frameworks */ = {isa = PBXBuildFile; fileRef = 821C4FB748FDDA79A371EDF9 /* libPods.a */; };
		8C26B3CA1BD5A2BB00AE03BA /* MediaFullScreenAnimator.m in Sources */ = {isa = PBXBuildFile; fileRef = 8C26B3C91BD5A2BB00AE03BA /* MediaFullScreenAnimator.m */; };
		8C2C2D6E1BC71C7400121853 /* APIKeys.m in Sources */ = {isa = PBXBuildFile; fileRef = 8C2C2D6D1BC71C7400121853 /* APIKeys.m */; };
		8C2C2D701BC71CC200121853 /* APIKeys.plist in Resources */ = {isa = PBXBuildFile; fileRef = 8C2C2D6F1BC71CC200121853 /* APIKeys.plist */; };
		8C2C2D731BC71EDF00121853 /* LoginViewController.m in Sources */ = {isa = PBXBuildFile; fileRef = 8C2C2D721BC71EDF00121853 /* LoginViewController.m */; };
		8C679EDA1BC5A92D004376E0 /* main.m in Sources */ = {isa = PBXBuildFile; fileRef = 8C679ED91BC5A92D004376E0 /* main.m */; };
		8C679EDD1BC5A92D004376E0 /* AppDelegate.m in Sources */ = {isa = PBXBuildFile; fileRef = 8C679EDC1BC5A92D004376E0 /* AppDelegate.m */; };
		8C679EE51BC5A92D004376E0 /* Assets.xcassets in Resources */ = {isa = PBXBuildFile; fileRef = 8C679EE41BC5A92D004376E0 /* Assets.xcassets */; };
		8C679EE81BC5A92D004376E0 /* LaunchScreen.storyboard in Resources */ = {isa = PBXBuildFile; fileRef = 8C679EE61BC5A92D004376E0 /* LaunchScreen.storyboard */; };
		8C679EF31BC5A92D004376E0 /* BlocstagramTests.m in Sources */ = {isa = PBXBuildFile; fileRef = 8C679EF21BC5A92D004376E0 /* BlocstagramTests.m */; };
		8C679EFE1BC5A92D004376E0 /* BlocstagramUITests.m in Sources */ = {isa = PBXBuildFile; fileRef = 8C679EFD1BC5A92D004376E0 /* BlocstagramUITests.m */; };
		8C679F161BC5AA70004376E0 /* 1.jpg in Resources */ = {isa = PBXBuildFile; fileRef = 8C679F0C1BC5AA70004376E0 /* 1.jpg */; };
		8C679F171BC5AA70004376E0 /* 2.jpg in Resources */ = {isa = PBXBuildFile; fileRef = 8C679F0D1BC5AA70004376E0 /* 2.jpg */; };
		8C679F181BC5AA70004376E0 /* 3.jpg in Resources */ = {isa = PBXBuildFile; fileRef = 8C679F0E1BC5AA70004376E0 /* 3.jpg */; };
		8C679F191BC5AA70004376E0 /* 4.jpg in Resources */ = {isa = PBXBuildFile; fileRef = 8C679F0F1BC5AA70004376E0 /* 4.jpg */; };
		8C679F1A1BC5AA70004376E0 /* 5.jpg in Resources */ = {isa = PBXBuildFile; fileRef = 8C679F101BC5AA70004376E0 /* 5.jpg */; };
		8C679F1B1BC5AA70004376E0 /* 6.jpg in Resources */ = {isa = PBXBuildFile; fileRef = 8C679F111BC5AA70004376E0 /* 6.jpg */; };
		8C679F1C1BC5AA70004376E0 /* 7.jpg in Resources */ = {isa = PBXBuildFile; fileRef = 8C679F121BC5AA70004376E0 /* 7.jpg */; };
		8C679F1D1BC5AA70004376E0 /* 8.jpg in Resources */ = {isa = PBXBuildFile; fileRef = 8C679F131BC5AA70004376E0 /* 8.jpg */; };
		8C679F1E1BC5AA70004376E0 /* 9.jpg in Resources */ = {isa = PBXBuildFile; fileRef = 8C679F141BC5AA70004376E0 /* 9.jpg */; };
		8C679F1F1BC5AA70004376E0 /* 10.jpg in Resources */ = {isa = PBXBuildFile; fileRef = 8C679F151BC5AA70004376E0 /* 10.jpg */; };
		8C679F221BC5AB6E004376E0 /* ImagesTableViewController.m in Sources */ = {isa = PBXBuildFile; fileRef = 8C679F211BC5AB6E004376E0 /* ImagesTableViewController.m */; };
		8C7030601BC5C33600AF1D05 /* User.m in Sources */ = {isa = PBXBuildFile; fileRef = 8C70305F1BC5C33600AF1D05 /* User.m */; };
		8C7030641BC5C3CE00AF1D05 /* Media.m in Sources */ = {isa = PBXBuildFile; fileRef = 8C7030631BC5C3CE00AF1D05 /* Media.m */; };
		8C7030671BC5C46D00AF1D05 /* Comment.m in Sources */ = {isa = PBXBuildFile; fileRef = 8C7030661BC5C46D00AF1D05 /* Comment.m */; };
		8C70306B1BC5C51400AF1D05 /* DataSource.m in Sources */ = {isa = PBXBuildFile; fileRef = 8C70306A1BC5C51400AF1D05 /* DataSource.m */; };
		8C8443BD1BD84DF5005F009D /* CircleSpinnerView.m in Sources */ = {isa = PBXBuildFile; fileRef = 8C8443BC1BD84DF5005F009D /* CircleSpinnerView.m */; };
		8C8443C01BD854B3005F009D /* LikeButton.m in Sources */ = {isa = PBXBuildFile; fileRef = 8C8443BF1BD854B3005F009D /* LikeButton.m */; };
		8C9A735D1BCC2A5B00450F51 /* MediaFullScreenViewController.m in Sources */ = {isa = PBXBuildFile; fileRef = 8C9A735C1BCC2A5B00450F51 /* MediaFullScreenViewController.m */; };
		8CA818371BDAD5A30007905E /* CameraToolbar.m in Sources */ = {isa = PBXBuildFile; fileRef = 8CA818361BDAD5A30007905E /* CameraToolbar.m */; };
		8CA8183A1BDADC740007905E /* CameraViewController.m in Sources */ = {isa = PBXBuildFile; fileRef = 8CA818391BDADC740007905E /* CameraViewController.m */; };
		8CA8183D1BDAE98F0007905E /* UIImage+ImageUtilities.m in Sources */ = {isa = PBXBuildFile; fileRef = 8CA8183C1BDAE98F0007905E /* UIImage+ImageUtilities.m */; };
		8CC9DDFF1BC5D27000A7E520 /* MediaTableViewCell.m in Sources */ = {isa = PBXBuildFile; fileRef = 8CC9DDFE1BC5D27000A7E520 /* MediaTableViewCell.m */; };
		8CD515E61BD9BC1200583A22 /* ComposeCommentView.m in Sources */ = {isa = PBXBuildFile; fileRef = 8CD515E51BD9BC1200583A22 /* ComposeCommentView.m */; };
/* End PBXBuildFile section */

/* Begin PBXContainerItemProxy section */
		8C679EEF1BC5A92D004376E0 /* PBXContainerItemProxy */ = {
			isa = PBXContainerItemProxy;
			containerPortal = 8C679ECD1BC5A92D004376E0 /* Project object */;
			proxyType = 1;
			remoteGlobalIDString = 8C679ED41BC5A92D004376E0;
			remoteInfo = Blocstagram;
		};
		8C679EFA1BC5A92D004376E0 /* PBXContainerItemProxy */ = {
			isa = PBXContainerItemProxy;
			containerPortal = 8C679ECD1BC5A92D004376E0 /* Project object */;
			proxyType = 1;
			remoteGlobalIDString = 8C679ED41BC5A92D004376E0;
			remoteInfo = Blocstagram;
		};
/* End PBXContainerItemProxy section */

/* Begin PBXFileReference section */
		821C4FB748FDDA79A371EDF9 /* libPods.a */ = {isa = PBXFileReference; explicitFileType = archive.ar; includeInIndex = 0; path = libPods.a; sourceTree = BUILT_PRODUCTS_DIR; };
		8C26B3C81BD5A2BB00AE03BA /* MediaFullScreenAnimator.h */ = {isa = PBXFileReference; fileEncoding = 4; lastKnownFileType = sourcecode.c.h; path = MediaFullScreenAnimator.h; sourceTree = "<group>"; };
		8C26B3C91BD5A2BB00AE03BA /* MediaFullScreenAnimator.m */ = {isa = PBXFileReference; fileEncoding = 4; lastKnownFileType = sourcecode.c.objc; path = MediaFullScreenAnimator.m; sourceTree = "<group>"; };
		8C2C2D6C1BC71C7400121853 /* APIKeys.h */ = {isa = PBXFileReference; fileEncoding = 4; lastKnownFileType = sourcecode.c.h; path = APIKeys.h; sourceTree = "<group>"; };
		8C2C2D6D1BC71C7400121853 /* APIKeys.m */ = {isa = PBXFileReference; fileEncoding = 4; lastKnownFileType = sourcecode.c.objc; path = APIKeys.m; sourceTree = "<group>"; };
		8C2C2D6F1BC71CC200121853 /* APIKeys.plist */ = {isa = PBXFileReference; fileEncoding = 4; lastKnownFileType = text.plist.xml; path = APIKeys.plist; sourceTree = "<group>"; };
		8C2C2D711BC71EDF00121853 /* LoginViewController.h */ = {isa = PBXFileReference; fileEncoding = 4; lastKnownFileType = sourcecode.c.h; path = LoginViewController.h; sourceTree = "<group>"; };
		8C2C2D721BC71EDF00121853 /* LoginViewController.m */ = {isa = PBXFileReference; fileEncoding = 4; lastKnownFileType = sourcecode.c.objc; path = LoginViewController.m; sourceTree = "<group>"; };
		8C679ED51BC5A92D004376E0 /* Blocstagram.app */ = {isa = PBXFileReference; explicitFileType = wrapper.application; includeInIndex = 0; path = Blocstagram.app; sourceTree = BUILT_PRODUCTS_DIR; };
		8C679ED91BC5A92D004376E0 /* main.m */ = {isa = PBXFileReference; lastKnownFileType = sourcecode.c.objc; path = main.m; sourceTree = "<group>"; };
		8C679EDB1BC5A92D004376E0 /* AppDelegate.h */ = {isa = PBXFileReference; lastKnownFileType = sourcecode.c.h; path = AppDelegate.h; sourceTree = "<group>"; };
		8C679EDC1BC5A92D004376E0 /* AppDelegate.m */ = {isa = PBXFileReference; lastKnownFileType = sourcecode.c.objc; path = AppDelegate.m; sourceTree = "<group>"; };
		8C679EE41BC5A92D004376E0 /* Assets.xcassets */ = {isa = PBXFileReference; lastKnownFileType = folder.assetcatalog; path = Assets.xcassets; sourceTree = "<group>"; };
		8C679EE71BC5A92D004376E0 /* Base */ = {isa = PBXFileReference; lastKnownFileType = file.storyboard; name = Base; path = Base.lproj/LaunchScreen.storyboard; sourceTree = "<group>"; };
		8C679EE91BC5A92D004376E0 /* Info.plist */ = {isa = PBXFileReference; lastKnownFileType = text.plist.xml; path = Info.plist; sourceTree = "<group>"; };
		8C679EEE1BC5A92D004376E0 /* BlocstagramTests.xctest */ = {isa = PBXFileReference; explicitFileType = wrapper.cfbundle; includeInIndex = 0; path = BlocstagramTests.xctest; sourceTree = BUILT_PRODUCTS_DIR; };
		8C679EF21BC5A92D004376E0 /* BlocstagramTests.m */ = {isa = PBXFileReference; lastKnownFileType = sourcecode.c.objc; path = BlocstagramTests.m; sourceTree = "<group>"; };
		8C679EF41BC5A92D004376E0 /* Info.plist */ = {isa = PBXFileReference; lastKnownFileType = text.plist.xml; path = Info.plist; sourceTree = "<group>"; };
		8C679EF91BC5A92D004376E0 /* BlocstagramUITests.xctest */ = {isa = PBXFileReference; explicitFileType = wrapper.cfbundle; includeInIndex = 0; path = BlocstagramUITests.xctest; sourceTree = BUILT_PRODUCTS_DIR; };
		8C679EFD1BC5A92D004376E0 /* BlocstagramUITests.m */ = {isa = PBXFileReference; lastKnownFileType = sourcecode.c.objc; path = BlocstagramUITests.m; sourceTree = "<group>"; };
		8C679EFF1BC5A92D004376E0 /* Info.plist */ = {isa = PBXFileReference; lastKnownFileType = text.plist.xml; path = Info.plist; sourceTree = "<group>"; };
		8C679F0C1BC5AA70004376E0 /* 1.jpg */ = {isa = PBXFileReference; lastKnownFileType = image.jpeg; path = 1.jpg; sourceTree = "<group>"; };
		8C679F0D1BC5AA70004376E0 /* 2.jpg */ = {isa = PBXFileReference; lastKnownFileType = image.jpeg; path = 2.jpg; sourceTree = "<group>"; };
		8C679F0E1BC5AA70004376E0 /* 3.jpg */ = {isa = PBXFileReference; lastKnownFileType = image.jpeg; path = 3.jpg; sourceTree = "<group>"; };
		8C679F0F1BC5AA70004376E0 /* 4.jpg */ = {isa = PBXFileReference; lastKnownFileType = image.jpeg; path = 4.jpg; sourceTree = "<group>"; };
		8C679F101BC5AA70004376E0 /* 5.jpg */ = {isa = PBXFileReference; lastKnownFileType = image.jpeg; path = 5.jpg; sourceTree = "<group>"; };
		8C679F111BC5AA70004376E0 /* 6.jpg */ = {isa = PBXFileReference; lastKnownFileType = image.jpeg; path = 6.jpg; sourceTree = "<group>"; };
		8C679F121BC5AA70004376E0 /* 7.jpg */ = {isa = PBXFileReference; lastKnownFileType = image.jpeg; path = 7.jpg; sourceTree = "<group>"; };
		8C679F131BC5AA70004376E0 /* 8.jpg */ = {isa = PBXFileReference; lastKnownFileType = image.jpeg; path = 8.jpg; sourceTree = "<group>"; };
		8C679F141BC5AA70004376E0 /* 9.jpg */ = {isa = PBXFileReference; lastKnownFileType = image.jpeg; path = 9.jpg; sourceTree = "<group>"; };
		8C679F151BC5AA70004376E0 /* 10.jpg */ = {isa = PBXFileReference; lastKnownFileType = image.jpeg; path = 10.jpg; sourceTree = "<group>"; };
		8C679F201BC5AB6E004376E0 /* ImagesTableViewController.h */ = {isa = PBXFileReference; fileEncoding = 4; lastKnownFileType = sourcecode.c.h; path = ImagesTableViewController.h; sourceTree = "<group>"; };
		8C679F211BC5AB6E004376E0 /* ImagesTableViewController.m */ = {isa = PBXFileReference; fileEncoding = 4; lastKnownFileType = sourcecode.c.objc; path = ImagesTableViewController.m; sourceTree = "<group>"; };
		8C70305E1BC5C33600AF1D05 /* User.h */ = {isa = PBXFileReference; fileEncoding = 4; lastKnownFileType = sourcecode.c.h; path = User.h; sourceTree = "<group>"; };
		8C70305F1BC5C33600AF1D05 /* User.m */ = {isa = PBXFileReference; fileEncoding = 4; lastKnownFileType = sourcecode.c.objc; path = User.m; sourceTree = "<group>"; };
		8C7030621BC5C3CE00AF1D05 /* Media.h */ = {isa = PBXFileReference; fileEncoding = 4; lastKnownFileType = sourcecode.c.h; path = Media.h; sourceTree = "<group>"; };
		8C7030631BC5C3CE00AF1D05 /* Media.m */ = {isa = PBXFileReference; fileEncoding = 4; lastKnownFileType = sourcecode.c.objc; path = Media.m; sourceTree = "<group>"; };
		8C7030651BC5C46D00AF1D05 /* Comment.h */ = {isa = PBXFileReference; fileEncoding = 4; lastKnownFileType = sourcecode.c.h; path = Comment.h; sourceTree = "<group>"; };
		8C7030661BC5C46D00AF1D05 /* Comment.m */ = {isa = PBXFileReference; fileEncoding = 4; lastKnownFileType = sourcecode.c.objc; path = Comment.m; sourceTree = "<group>"; };
		8C7030691BC5C51400AF1D05 /* DataSource.h */ = {isa = PBXFileReference; fileEncoding = 4; lastKnownFileType = sourcecode.c.h; path = DataSource.h; sourceTree = "<group>"; };
		8C70306A1BC5C51400AF1D05 /* DataSource.m */ = {isa = PBXFileReference; fileEncoding = 4; lastKnownFileType = sourcecode.c.objc; path = DataSource.m; sourceTree = "<group>"; };
		8C8443BB1BD84DF5005F009D /* CircleSpinnerView.h */ = {isa = PBXFileReference; fileEncoding = 4; lastKnownFileType = sourcecode.c.h; path = CircleSpinnerView.h; sourceTree = "<group>"; };
		8C8443BC1BD84DF5005F009D /* CircleSpinnerView.m */ = {isa = PBXFileReference; fileEncoding = 4; lastKnownFileType = sourcecode.c.objc; path = CircleSpinnerView.m; sourceTree = "<group>"; };
		8C8443BE1BD854B3005F009D /* LikeButton.h */ = {isa = PBXFileReference; fileEncoding = 4; lastKnownFileType = sourcecode.c.h; path = LikeButton.h; sourceTree = "<group>"; };
		8C8443BF1BD854B3005F009D /* LikeButton.m */ = {isa = PBXFileReference; fileEncoding = 4; lastKnownFileType = sourcecode.c.objc; path = LikeButton.m; sourceTree = "<group>"; };
		8C9A735B1BCC2A5B00450F51 /* MediaFullScreenViewController.h */ = {isa = PBXFileReference; fileEncoding = 4; lastKnownFileType = sourcecode.c.h; path = MediaFullScreenViewController.h; sourceTree = "<group>"; };
		8C9A735C1BCC2A5B00450F51 /* MediaFullScreenViewController.m */ = {isa = PBXFileReference; fileEncoding = 4; lastKnownFileType = sourcecode.c.objc; path = MediaFullScreenViewController.m; sourceTree = "<group>"; };
		8CA818351BDAD5A30007905E /* CameraToolbar.h */ = {isa = PBXFileReference; fileEncoding = 4; lastKnownFileType = sourcecode.c.h; path = CameraToolbar.h; sourceTree = "<group>"; };
		8CA818361BDAD5A30007905E /* CameraToolbar.m */ = {isa = PBXFileReference; fileEncoding = 4; lastKnownFileType = sourcecode.c.objc; path = CameraToolbar.m; sourceTree = "<group>"; };
		8CA818381BDADC740007905E /* CameraViewController.h */ = {isa = PBXFileReference; fileEncoding = 4; lastKnownFileType = sourcecode.c.h; path = CameraViewController.h; sourceTree = "<group>"; };
		8CA818391BDADC740007905E /* CameraViewController.m */ = {isa = PBXFileReference; fileEncoding = 4; lastKnownFileType = sourcecode.c.objc; path = CameraViewController.m; sourceTree = "<group>"; };
		8CA8183B1BDAE98F0007905E /* UIImage+ImageUtilities.h */ = {isa = PBXFileReference; fileEncoding = 4; lastKnownFileType = sourcecode.c.h; path = "UIImage+ImageUtilities.h"; sourceTree = "<group>"; };
		8CA8183C1BDAE98F0007905E /* UIImage+ImageUtilities.m */ = {isa = PBXFileReference; fileEncoding = 4; lastKnownFileType = sourcecode.c.objc; path = "UIImage+ImageUtilities.m"; sourceTree = "<group>"; };
		8CC9DDFD1BC5D27000A7E520 /* MediaTableViewCell.h */ = {isa = PBXFileReference; fileEncoding = 4; lastKnownFileType = sourcecode.c.h; path = MediaTableViewCell.h; sourceTree = "<group>"; };
		8CC9DDFE1BC5D27000A7E520 /* MediaTableViewCell.m */ = {isa = PBXFileReference; fileEncoding = 4; lastKnownFileType = sourcecode.c.objc; path = MediaTableViewCell.m; sourceTree = "<group>"; };
		8CD515E41BD9BC1200583A22 /* ComposeCommentView.h */ = {isa = PBXFileReference; fileEncoding = 4; lastKnownFileType = sourcecode.c.h; path = ComposeCommentView.h; sourceTree = "<group>"; };
		8CD515E51BD9BC1200583A22 /* ComposeCommentView.m */ = {isa = PBXFileReference; fileEncoding = 4; lastKnownFileType = sourcecode.c.objc; path = ComposeCommentView.m; sourceTree = "<group>"; };
		A8B93FFB4EA0AB0A1072A7CE /* Pods.debug.xcconfig */ = {isa = PBXFileReference; includeInIndex = 1; lastKnownFileType = text.xcconfig; name = Pods.debug.xcconfig; path = "Pods/Target Support Files/Pods/Pods.debug.xcconfig"; sourceTree = "<group>"; };
		E849F8C3590589C1643E1C00 /* Pods.release.xcconfig */ = {isa = PBXFileReference; includeInIndex = 1; lastKnownFileType = text.xcconfig; name = Pods.release.xcconfig; path = "Pods/Target Support Files/Pods/Pods.release.xcconfig"; sourceTree = "<group>"; };
/* End PBXFileReference section */

/* Begin PBXFrameworksBuildPhase section */
		8C679ED21BC5A92D004376E0 /* Frameworks */ = {
			isa = PBXFrameworksBuildPhase;
			buildActionMask = 2147483647;
			files = (
				26A904C86A397A0D04946281 /* libPods.a in Frameworks */,
			);
			runOnlyForDeploymentPostprocessing = 0;
		};
		8C679EEB1BC5A92D004376E0 /* Frameworks */ = {
			isa = PBXFrameworksBuildPhase;
			buildActionMask = 2147483647;
			files = (
			);
			runOnlyForDeploymentPostprocessing = 0;
		};
		8C679EF61BC5A92D004376E0 /* Frameworks */ = {
			isa = PBXFrameworksBuildPhase;
			buildActionMask = 2147483647;
			files = (
			);
			runOnlyForDeploymentPostprocessing = 0;
		};
/* End PBXFrameworksBuildPhase section */

/* Begin PBXGroup section */
		5C886DD88384D3F8BBC87599 /* Pods */ = {
			isa = PBXGroup;
			children = (
				A8B93FFB4EA0AB0A1072A7CE /* Pods.debug.xcconfig */,
				E849F8C3590589C1643E1C00 /* Pods.release.xcconfig */,
			);
			name = Pods;
			sourceTree = "<group>";
		};
		8C679ECC1BC5A92D004376E0 = {
			isa = PBXGroup;
			children = (
				8C679ED71BC5A92D004376E0 /* Blocstagram */,
				8C679EF11BC5A92D004376E0 /* BlocstagramTests */,
				8C679EFC1BC5A92D004376E0 /* BlocstagramUITests */,
				8C679ED61BC5A92D004376E0 /* Products */,
				5C886DD88384D3F8BBC87599 /* Pods */,
				A7C1F1989EE36F0242A8F70B /* Frameworks */,
			);
			sourceTree = "<group>";
		};
		8C679ED61BC5A92D004376E0 /* Products */ = {
			isa = PBXGroup;
			children = (
				8C679ED51BC5A92D004376E0 /* Blocstagram.app */,
				8C679EEE1BC5A92D004376E0 /* BlocstagramTests.xctest */,
				8C679EF91BC5A92D004376E0 /* BlocstagramUITests.xctest */,
			);
			name = Products;
			sourceTree = "<group>";
		};
		8C679ED71BC5A92D004376E0 /* Blocstagram */ = {
			isa = PBXGroup;
			children = (
				8C7030611BC5C33A00AF1D05 /* Model */,
				8CC9DE001BC5D27500A7E520 /* View */,
				8CC9DE011BC5D27F00A7E520 /* Controllers */,
				8C679F0B1BC5AA59004376E0 /* Images */,
				8C679EE41BC5A92D004376E0 /* Assets.xcassets */,
				8C679EE61BC5A92D004376E0 /* LaunchScreen.storyboard */,
				8C679EE91BC5A92D004376E0 /* Info.plist */,
				8C679ED81BC5A92D004376E0 /* Supporting Files */,
			);
			path = Blocstagram;
			sourceTree = "<group>";
		};
		8C679ED81BC5A92D004376E0 /* Supporting Files */ = {
			isa = PBXGroup;
			children = (
				8CA8183B1BDAE98F0007905E /* UIImage+ImageUtilities.h */,
				8CA8183C1BDAE98F0007905E /* UIImage+ImageUtilities.m */,
				8C679ED91BC5A92D004376E0 /* main.m */,
			);
			name = "Supporting Files";
			sourceTree = "<group>";
		};
		8C679EF11BC5A92D004376E0 /* BlocstagramTests */ = {
			isa = PBXGroup;
			children = (
				8C679EF21BC5A92D004376E0 /* BlocstagramTests.m */,
				8C679EF41BC5A92D004376E0 /* Info.plist */,
			);
			path = BlocstagramTests;
			sourceTree = "<group>";
		};
		8C679EFC1BC5A92D004376E0 /* BlocstagramUITests */ = {
			isa = PBXGroup;
			children = (
				8C679EFD1BC5A92D004376E0 /* BlocstagramUITests.m */,
				8C679EFF1BC5A92D004376E0 /* Info.plist */,
			);
			path = BlocstagramUITests;
			sourceTree = "<group>";
		};
		8C679F0B1BC5AA59004376E0 /* Images */ = {
			isa = PBXGroup;
			children = (
				8C679F0C1BC5AA70004376E0 /* 1.jpg */,
				8C679F0D1BC5AA70004376E0 /* 2.jpg */,
				8C679F0E1BC5AA70004376E0 /* 3.jpg */,
				8C679F0F1BC5AA70004376E0 /* 4.jpg */,
				8C679F101BC5AA70004376E0 /* 5.jpg */,
				8C679F111BC5AA70004376E0 /* 6.jpg */,
				8C679F121BC5AA70004376E0 /* 7.jpg */,
				8C679F131BC5AA70004376E0 /* 8.jpg */,
				8C679F141BC5AA70004376E0 /* 9.jpg */,
				8C679F151BC5AA70004376E0 /* 10.jpg */,
			);
			name = Images;
			sourceTree = "<group>";
		};
		8C7030611BC5C33A00AF1D05 /* Model */ = {
			isa = PBXGroup;
			children = (
				8C2C2D6C1BC71C7400121853 /* APIKeys.h */,
				8C2C2D6D1BC71C7400121853 /* APIKeys.m */,
				8C2C2D6F1BC71CC200121853 /* APIKeys.plist */,
				8C70305E1BC5C33600AF1D05 /* User.h */,
				8C70305F1BC5C33600AF1D05 /* User.m */,
				8C7030621BC5C3CE00AF1D05 /* Media.h */,
				8C7030631BC5C3CE00AF1D05 /* Media.m */,
				8C7030651BC5C46D00AF1D05 /* Comment.h */,
				8C7030661BC5C46D00AF1D05 /* Comment.m */,
				8C7030691BC5C51400AF1D05 /* DataSource.h */,
				8C70306A1BC5C51400AF1D05 /* DataSource.m */,
			);
			name = Model;
			sourceTree = "<group>";
		};
		8CC9DE001BC5D27500A7E520 /* View */ = {
			isa = PBXGroup;
			children = (
				8C8443BB1BD84DF5005F009D /* CircleSpinnerView.h */,
				8C8443BC1BD84DF5005F009D /* CircleSpinnerView.m */,
				8CD515E41BD9BC1200583A22 /* ComposeCommentView.h */,
				8CD515E51BD9BC1200583A22 /* ComposeCommentView.m */,
				8C8443BE1BD854B3005F009D /* LikeButton.h */,
				8C8443BF1BD854B3005F009D /* LikeButton.m */,
				8C26B3C81BD5A2BB00AE03BA /* MediaFullScreenAnimator.h */,
				8C26B3C91BD5A2BB00AE03BA /* MediaFullScreenAnimator.m */,
				8CC9DDFD1BC5D27000A7E520 /* MediaTableViewCell.h */,
				8CC9DDFE1BC5D27000A7E520 /* MediaTableViewCell.m */,
				8CA818351BDAD5A30007905E /* CameraToolbar.h */,
				8CA818361BDAD5A30007905E /* CameraToolbar.m */,
			);
			name = View;
			sourceTree = "<group>";
		};
		8CC9DE011BC5D27F00A7E520 /* Controllers */ = {
			isa = PBXGroup;
			children = (
				8CA818381BDADC740007905E /* CameraViewController.h */,
				8CA818391BDADC740007905E /* CameraViewController.m */,
				8C679EDB1BC5A92D004376E0 /* AppDelegate.h */,
				8C679EDC1BC5A92D004376E0 /* AppDelegate.m */,
				8C679F201BC5AB6E004376E0 /* ImagesTableViewController.h */,
				8C679F211BC5AB6E004376E0 /* ImagesTableViewController.m */,
				8C9A735B1BCC2A5B00450F51 /* MediaFullScreenViewController.h */,
				8C9A735C1BCC2A5B00450F51 /* MediaFullScreenViewController.m */,
				8C2C2D711BC71EDF00121853 /* LoginViewController.h */,
				8C2C2D721BC71EDF00121853 /* LoginViewController.m */,
			);
			name = Controllers;
			sourceTree = "<group>";
		};
		A7C1F1989EE36F0242A8F70B /* Frameworks */ = {
			isa = PBXGroup;
			children = (
				821C4FB748FDDA79A371EDF9 /* libPods.a */,
			);
			name = Frameworks;
			sourceTree = "<group>";
		};
/* End PBXGroup section */

/* Begin PBXNativeTarget section */
		8C679ED41BC5A92D004376E0 /* Blocstagram */ = {
			isa = PBXNativeTarget;
			buildConfigurationList = 8C679F021BC5A92D004376E0 /* Build configuration list for PBXNativeTarget "Blocstagram" */;
			buildPhases = (
				14044077E855613BD9F8DC2C /* Check Pods Manifest.lock */,
				8C679ED11BC5A92D004376E0 /* Sources */,
				8C679ED21BC5A92D004376E0 /* Frameworks */,
				8C679ED31BC5A92D004376E0 /* Resources */,
				67050716DE95E7CC18A771ED /* Embed Pods Frameworks */,
				C5074B099EB978B424AAE246 /* Copy Pods Resources */,
			);
			buildRules = (
			);
			dependencies = (
			);
			name = Blocstagram;
			productName = Blocstagram;
			productReference = 8C679ED51BC5A92D004376E0 /* Blocstagram.app */;
			productType = "com.apple.product-type.application";
		};
		8C679EED1BC5A92D004376E0 /* BlocstagramTests */ = {
			isa = PBXNativeTarget;
			buildConfigurationList = 8C679F051BC5A92D004376E0 /* Build configuration list for PBXNativeTarget "BlocstagramTests" */;
			buildPhases = (
				8C679EEA1BC5A92D004376E0 /* Sources */,
				8C679EEB1BC5A92D004376E0 /* Frameworks */,
				8C679EEC1BC5A92D004376E0 /* Resources */,
			);
			buildRules = (
			);
			dependencies = (
				8C679EF01BC5A92D004376E0 /* PBXTargetDependency */,
			);
			name = BlocstagramTests;
			productName = BlocstagramTests;
			productReference = 8C679EEE1BC5A92D004376E0 /* BlocstagramTests.xctest */;
			productType = "com.apple.product-type.bundle.unit-test";
		};
		8C679EF81BC5A92D004376E0 /* BlocstagramUITests */ = {
			isa = PBXNativeTarget;
			buildConfigurationList = 8C679F081BC5A92D004376E0 /* Build configuration list for PBXNativeTarget "BlocstagramUITests" */;
			buildPhases = (
				8C679EF51BC5A92D004376E0 /* Sources */,
				8C679EF61BC5A92D004376E0 /* Frameworks */,
				8C679EF71BC5A92D004376E0 /* Resources */,
			);
			buildRules = (
			);
			dependencies = (
				8C679EFB1BC5A92D004376E0 /* PBXTargetDependency */,
			);
			name = BlocstagramUITests;
			productName = BlocstagramUITests;
			productReference = 8C679EF91BC5A92D004376E0 /* BlocstagramUITests.xctest */;
			productType = "com.apple.product-type.bundle.ui-testing";
		};
/* End PBXNativeTarget section */

/* Begin PBXProject section */
		8C679ECD1BC5A92D004376E0 /* Project object */ = {
			isa = PBXProject;
			attributes = {
				LastUpgradeCheck = 0700;
				ORGANIZATIONNAME = "Ryan Walker";
				TargetAttributes = {
					8C679ED41BC5A92D004376E0 = {
						CreatedOnToolsVersion = 7.0.1;
						DevelopmentTeam = J7FQT53XF4;
					};
					8C679EED1BC5A92D004376E0 = {
						CreatedOnToolsVersion = 7.0.1;
						TestTargetID = 8C679ED41BC5A92D004376E0;
					};
					8C679EF81BC5A92D004376E0 = {
						CreatedOnToolsVersion = 7.0.1;
						TestTargetID = 8C679ED41BC5A92D004376E0;
					};
				};
			};
			buildConfigurationList = 8C679ED01BC5A92D004376E0 /* Build configuration list for PBXProject "Blocstagram" */;
			compatibilityVersion = "Xcode 3.2";
			developmentRegion = English;
			hasScannedForEncodings = 0;
			knownRegions = (
				en,
				Base,
			);
			mainGroup = 8C679ECC1BC5A92D004376E0;
			productRefGroup = 8C679ED61BC5A92D004376E0 /* Products */;
			projectDirPath = "";
			projectRoot = "";
			targets = (
				8C679ED41BC5A92D004376E0 /* Blocstagram */,
				8C679EED1BC5A92D004376E0 /* BlocstagramTests */,
				8C679EF81BC5A92D004376E0 /* BlocstagramUITests */,
			);
		};
/* End PBXProject section */

/* Begin PBXResourcesBuildPhase section */
		8C679ED31BC5A92D004376E0 /* Resources */ = {
			isa = PBXResourcesBuildPhase;
			buildActionMask = 2147483647;
			files = (
				8C679F1E1BC5AA70004376E0 /* 9.jpg in Resources */,
				8C679F1D1BC5AA70004376E0 /* 8.jpg in Resources */,
				8C679F191BC5AA70004376E0 /* 4.jpg in Resources */,
				8C679F181BC5AA70004376E0 /* 3.jpg in Resources */,
				8C679F1B1BC5AA70004376E0 /* 6.jpg in Resources */,
				8C679F161BC5AA70004376E0 /* 1.jpg in Resources */,
				8C679EE81BC5A92D004376E0 /* LaunchScreen.storyboard in Resources */,
				8C679F1A1BC5AA70004376E0 /* 5.jpg in Resources */,
				8C2C2D701BC71CC200121853 /* APIKeys.plist in Resources */,
				8C679F1C1BC5AA70004376E0 /* 7.jpg in Resources */,
				8C679F171BC5AA70004376E0 /* 2.jpg in Resources */,
				8C679F1F1BC5AA70004376E0 /* 10.jpg in Resources */,
				8C679EE51BC5A92D004376E0 /* Assets.xcassets in Resources */,
			);
			runOnlyForDeploymentPostprocessing = 0;
		};
		8C679EEC1BC5A92D004376E0 /* Resources */ = {
			isa = PBXResourcesBuildPhase;
			buildActionMask = 2147483647;
			files = (
			);
			runOnlyForDeploymentPostprocessing = 0;
		};
		8C679EF71BC5A92D004376E0 /* Resources */ = {
			isa = PBXResourcesBuildPhase;
			buildActionMask = 2147483647;
			files = (
			);
			runOnlyForDeploymentPostprocessing = 0;
		};
/* End PBXResourcesBuildPhase section */

/* Begin PBXShellScriptBuildPhase section */
		14044077E855613BD9F8DC2C /* Check Pods Manifest.lock */ = {
			isa = PBXShellScriptBuildPhase;
			buildActionMask = 2147483647;
			files = (
			);
			inputPaths = (
			);
			name = "Check Pods Manifest.lock";
			outputPaths = (
			);
			runOnlyForDeploymentPostprocessing = 0;
			shellPath = /bin/sh;
			shellScript = "diff \"${PODS_ROOT}/../Podfile.lock\" \"${PODS_ROOT}/Manifest.lock\" > /dev/null\nif [[ $? != 0 ]] ; then\n    cat << EOM\nerror: The sandbox is not in sync with the Podfile.lock. Run 'pod install' or update your CocoaPods installation.\nEOM\n    exit 1\nfi\n";
			showEnvVarsInLog = 0;
		};
		67050716DE95E7CC18A771ED /* Embed Pods Frameworks */ = {
			isa = PBXShellScriptBuildPhase;
			buildActionMask = 2147483647;
			files = (
			);
			inputPaths = (
			);
			name = "Embed Pods Frameworks";
			outputPaths = (
			);
			runOnlyForDeploymentPostprocessing = 0;
			shellPath = /bin/sh;
			shellScript = "\"${SRCROOT}/Pods/Target Support Files/Pods/Pods-frameworks.sh\"\n";
			showEnvVarsInLog = 0;
		};
		C5074B099EB978B424AAE246 /* Copy Pods Resources */ = {
			isa = PBXShellScriptBuildPhase;
			buildActionMask = 2147483647;
			files = (
			);
			inputPaths = (
			);
			name = "Copy Pods Resources";
			outputPaths = (
			);
			runOnlyForDeploymentPostprocessing = 0;
			shellPath = /bin/sh;
			shellScript = "\"${SRCROOT}/Pods/Target Support Files/Pods/Pods-resources.sh\"\n";
			showEnvVarsInLog = 0;
		};
/* End PBXShellScriptBuildPhase section */

/* Begin PBXSourcesBuildPhase section */
		8C679ED11BC5A92D004376E0 /* Sources */ = {
			isa = PBXSourcesBuildPhase;
			buildActionMask = 2147483647;
			files = (
				8C7030601BC5C33600AF1D05 /* User.m in Sources */,
				8C7030671BC5C46D00AF1D05 /* Comment.m in Sources */,
				8CC9DDFF1BC5D27000A7E520 /* MediaTableViewCell.m in Sources */,
				8CD515E61BD9BC1200583A22 /* ComposeCommentView.m in Sources */,
				8C7030641BC5C3CE00AF1D05 /* Media.m in Sources */,
				8C2C2D731BC71EDF00121853 /* LoginViewController.m in Sources */,
				8CA818371BDAD5A30007905E /* CameraToolbar.m in Sources */,
				8C679EDD1BC5A92D004376E0 /* AppDelegate.m in Sources */,
				8C70306B1BC5C51400AF1D05 /* DataSource.m in Sources */,
				8C9A735D1BCC2A5B00450F51 /* MediaFullScreenViewController.m in Sources */,
				8CA8183A1BDADC740007905E /* CameraViewController.m in Sources */,
				8C8443C01BD854B3005F009D /* LikeButton.m in Sources */,
				8CA8183D1BDAE98F0007905E /* UIImage+ImageUtilities.m in Sources */,
				8C679EDA1BC5A92D004376E0 /* main.m in Sources */,
				8C2C2D6E1BC71C7400121853 /* APIKeys.m in Sources */,
				8C26B3CA1BD5A2BB00AE03BA /* MediaFullScreenAnimator.m in Sources */,
				8C8443BD1BD84DF5005F009D /* CircleSpinnerView.m in Sources */,
				8C679F221BC5AB6E004376E0 /* ImagesTableViewController.m in Sources */,
			);
			runOnlyForDeploymentPostprocessing = 0;
		};
		8C679EEA1BC5A92D004376E0 /* Sources */ = {
			isa = PBXSourcesBuildPhase;
			buildActionMask = 2147483647;
			files = (
				8C679EF31BC5A92D004376E0 /* BlocstagramTests.m in Sources */,
			);
			runOnlyForDeploymentPostprocessing = 0;
		};
		8C679EF51BC5A92D004376E0 /* Sources */ = {
			isa = PBXSourcesBuildPhase;
			buildActionMask = 2147483647;
			files = (
				8C679EFE1BC5A92D004376E0 /* BlocstagramUITests.m in Sources */,
			);
			runOnlyForDeploymentPostprocessing = 0;
		};
/* End PBXSourcesBuildPhase section */

/* Begin PBXTargetDependency section */
		8C679EF01BC5A92D004376E0 /* PBXTargetDependency */ = {
			isa = PBXTargetDependency;
			target = 8C679ED41BC5A92D004376E0 /* Blocstagram */;
			targetProxy = 8C679EEF1BC5A92D004376E0 /* PBXContainerItemProxy */;
		};
		8C679EFB1BC5A92D004376E0 /* PBXTargetDependency */ = {
			isa = PBXTargetDependency;
			target = 8C679ED41BC5A92D004376E0 /* Blocstagram */;
			targetProxy = 8C679EFA1BC5A92D004376E0 /* PBXContainerItemProxy */;
		};
/* End PBXTargetDependency section */

/* Begin PBXVariantGroup section */
		8C679EE61BC5A92D004376E0 /* LaunchScreen.storyboard */ = {
			isa = PBXVariantGroup;
			children = (
				8C679EE71BC5A92D004376E0 /* Base */,
			);
			name = LaunchScreen.storyboard;
			sourceTree = "<group>";
		};
/* End PBXVariantGroup section */

/* Begin XCBuildConfiguration section */
		8C679F001BC5A92D004376E0 /* Debug */ = {
			isa = XCBuildConfiguration;
			buildSettings = {
				ALWAYS_SEARCH_USER_PATHS = NO;
				CLANG_CXX_LANGUAGE_STANDARD = "gnu++0x";
				CLANG_CXX_LIBRARY = "libc++";
				CLANG_ENABLE_MODULES = YES;
				CLANG_ENABLE_OBJC_ARC = YES;
				CLANG_WARN_BOOL_CONVERSION = YES;
				CLANG_WARN_CONSTANT_CONVERSION = YES;
				CLANG_WARN_DIRECT_OBJC_ISA_USAGE = YES_ERROR;
				CLANG_WARN_EMPTY_BODY = YES;
				CLANG_WARN_ENUM_CONVERSION = YES;
				CLANG_WARN_INT_CONVERSION = YES;
				CLANG_WARN_OBJC_ROOT_CLASS = YES_ERROR;
				CLANG_WARN_UNREACHABLE_CODE = YES;
				CLANG_WARN__DUPLICATE_METHOD_MATCH = YES;
				"CODE_SIGN_IDENTITY[sdk=iphoneos*]" = "iPhone Developer";
				COPY_PHASE_STRIP = NO;
				DEBUG_INFORMATION_FORMAT = dwarf;
				ENABLE_STRICT_OBJC_MSGSEND = YES;
				ENABLE_TESTABILITY = YES;
				GCC_C_LANGUAGE_STANDARD = gnu99;
				GCC_DYNAMIC_NO_PIC = NO;
				GCC_NO_COMMON_BLOCKS = YES;
				GCC_OPTIMIZATION_LEVEL = 0;
				GCC_PREPROCESSOR_DEFINITIONS = (
					"DEBUG=1",
					"$(inherited)",
				);
				GCC_WARN_64_TO_32_BIT_CONVERSION = YES;
				GCC_WARN_ABOUT_RETURN_TYPE = YES_ERROR;
				GCC_WARN_UNDECLARED_SELECTOR = YES;
				GCC_WARN_UNINITIALIZED_AUTOS = YES_AGGRESSIVE;
				GCC_WARN_UNUSED_FUNCTION = YES;
				GCC_WARN_UNUSED_VARIABLE = YES;
				IPHONEOS_DEPLOYMENT_TARGET = 9.0;
				MTL_ENABLE_DEBUG_INFO = YES;
				ONLY_ACTIVE_ARCH = YES;
				SDKROOT = iphoneos;
				TARGETED_DEVICE_FAMILY = "1,2";
			};
			name = Debug;
		};
		8C679F011BC5A92D004376E0 /* Release */ = {
			isa = XCBuildConfiguration;
			buildSettings = {
				ALWAYS_SEARCH_USER_PATHS = NO;
				CLANG_CXX_LANGUAGE_STANDARD = "gnu++0x";
				CLANG_CXX_LIBRARY = "libc++";
				CLANG_ENABLE_MODULES = YES;
				CLANG_ENABLE_OBJC_ARC = YES;
				CLANG_WARN_BOOL_CONVERSION = YES;
				CLANG_WARN_CONSTANT_CONVERSION = YES;
				CLANG_WARN_DIRECT_OBJC_ISA_USAGE = YES_ERROR;
				CLANG_WARN_EMPTY_BODY = YES;
				CLANG_WARN_ENUM_CONVERSION = YES;
				CLANG_WARN_INT_CONVERSION = YES;
				CLANG_WARN_OBJC_ROOT_CLASS = YES_ERROR;
				CLANG_WARN_UNREACHABLE_CODE = YES;
				CLANG_WARN__DUPLICATE_METHOD_MATCH = YES;
				"CODE_SIGN_IDENTITY[sdk=iphoneos*]" = "iPhone Developer";
				COPY_PHASE_STRIP = NO;
				DEBUG_INFORMATION_FORMAT = "dwarf-with-dsym";
				ENABLE_NS_ASSERTIONS = NO;
				ENABLE_STRICT_OBJC_MSGSEND = YES;
				GCC_C_LANGUAGE_STANDARD = gnu99;
				GCC_NO_COMMON_BLOCKS = YES;
				GCC_WARN_64_TO_32_BIT_CONVERSION = YES;
				GCC_WARN_ABOUT_RETURN_TYPE = YES_ERROR;
				GCC_WARN_UNDECLARED_SELECTOR = YES;
				GCC_WARN_UNINITIALIZED_AUTOS = YES_AGGRESSIVE;
				GCC_WARN_UNUSED_FUNCTION = YES;
				GCC_WARN_UNUSED_VARIABLE = YES;
				IPHONEOS_DEPLOYMENT_TARGET = 9.0;
				MTL_ENABLE_DEBUG_INFO = NO;
				SDKROOT = iphoneos;
				TARGETED_DEVICE_FAMILY = "1,2";
				VALIDATE_PRODUCT = YES;
			};
			name = Release;
		};
		8C679F031BC5A92D004376E0 /* Debug */ = {
			isa = XCBuildConfiguration;
			baseConfigurationReference = A8B93FFB4EA0AB0A1072A7CE /* Pods.debug.xcconfig */;
			buildSettings = {
				ASSETCATALOG_COMPILER_APPICON_NAME = AppIcon;
				CODE_SIGN_IDENTITY = "iPhone Developer";
				"CODE_SIGN_IDENTITY[sdk=iphoneos*]" = "iPhone Developer";
				INFOPLIST_FILE = Blocstagram/Info.plist;
				LD_RUNPATH_SEARCH_PATHS = "$(inherited) @executable_path/Frameworks";
				PRODUCT_BUNDLE_IDENTIFIER = "com.ryan-walker.Blocstagram";
				PRODUCT_NAME = "$(TARGET_NAME)";
				PROVISIONING_PROFILE = "";
			};
			name = Debug;
		};
		8C679F041BC5A92D004376E0 /* Release */ = {
			isa = XCBuildConfiguration;
			baseConfigurationReference = E849F8C3590589C1643E1C00 /* Pods.release.xcconfig */;
			buildSettings = {
				ASSETCATALOG_COMPILER_APPICON_NAME = AppIcon;
				CODE_SIGN_IDENTITY = "iPhone Developer";
				"CODE_SIGN_IDENTITY[sdk=iphoneos*]" = "iPhone Developer";
				INFOPLIST_FILE = Blocstagram/Info.plist;
				LD_RUNPATH_SEARCH_PATHS = "$(inherited) @executable_path/Frameworks";
				PRODUCT_BUNDLE_IDENTIFIER = "com.ryan-walker.Blocstagram";
				PRODUCT_NAME = "$(TARGET_NAME)";
				PROVISIONING_PROFILE = "";
			};
			name = Release;
		};
		8C679F061BC5A92D004376E0 /* Debug */ = {
			isa = XCBuildConfiguration;
			buildSettings = {
				BUNDLE_LOADER = "$(TEST_HOST)";
				INFOPLIST_FILE = BlocstagramTests/Info.plist;
				LD_RUNPATH_SEARCH_PATHS = "$(inherited) @executable_path/Frameworks @loader_path/Frameworks";
				PRODUCT_BUNDLE_IDENTIFIER = "com.ryan-walker.BlocstagramTests";
				PRODUCT_NAME = "$(TARGET_NAME)";
				TEST_HOST = "$(BUILT_PRODUCTS_DIR)/Blocstagram.app/Blocstagram";
			};
			name = Debug;
		};
		8C679F071BC5A92D004376E0 /* Release */ = {
			isa = XCBuildConfiguration;
			buildSettings = {
				BUNDLE_LOADER = "$(TEST_HOST)";
				INFOPLIST_FILE = BlocstagramTests/Info.plist;
				LD_RUNPATH_SEARCH_PATHS = "$(inherited) @executable_path/Frameworks @loader_path/Frameworks";
				PRODUCT_BUNDLE_IDENTIFIER = "com.ryan-walker.BlocstagramTests";
				PRODUCT_NAME = "$(TARGET_NAME)";
				TEST_HOST = "$(BUILT_PRODUCTS_DIR)/Blocstagram.app/Blocstagram";
			};
			name = Release;
		};
		8C679F091BC5A92D004376E0 /* Debug */ = {
			isa = XCBuildConfiguration;
			buildSettings = {
				INFOPLIST_FILE = BlocstagramUITests/Info.plist;
				LD_RUNPATH_SEARCH_PATHS = "$(inherited) @executable_path/Frameworks @loader_path/Frameworks";
				PRODUCT_BUNDLE_IDENTIFIER = "com.ryan-walker.BlocstagramUITests";
				PRODUCT_NAME = "$(TARGET_NAME)";
				TEST_TARGET_NAME = Blocstagram;
				USES_XCTRUNNER = YES;
			};
			name = Debug;
		};
		8C679F0A1BC5A92D004376E0 /* Release */ = {
			isa = XCBuildConfiguration;
			buildSettings = {
				INFOPLIST_FILE = BlocstagramUITests/Info.plist;
				LD_RUNPATH_SEARCH_PATHS = "$(inherited) @executable_path/Frameworks @loader_path/Frameworks";
				PRODUCT_BUNDLE_IDENTIFIER = "com.ryan-walker.BlocstagramUITests";
				PRODUCT_NAME = "$(TARGET_NAME)";
				TEST_TARGET_NAME = Blocstagram;
				USES_XCTRUNNER = YES;
			};
			name = Release;
		};
/* End XCBuildConfiguration section */

/* Begin XCConfigurationList section */
		8C679ED01BC5A92D004376E0 /* Build configuration list for PBXProject "Blocstagram" */ = {
			isa = XCConfigurationList;
			buildConfigurations = (
				8C679F001BC5A92D004376E0 /* Debug */,
				8C679F011BC5A92D004376E0 /* Release */,
			);
			defaultConfigurationIsVisible = 0;
			defaultConfigurationName = Release;
		};
		8C679F021BC5A92D004376E0 /* Build configuration list for PBXNativeTarget "Blocstagram" */ = {
			isa = XCConfigurationList;
			buildConfigurations = (
				8C679F031BC5A92D004376E0 /* Debug */,
				8C679F041BC5A92D004376E0 /* Release */,
			);
			defaultConfigurationIsVisible = 0;
			defaultConfigurationName = Release;
		};
		8C679F051BC5A92D004376E0 /* Build configuration list for PBXNativeTarget "BlocstagramTests" */ = {
			isa = XCConfigurationList;
			buildConfigurations = (
				8C679F061BC5A92D004376E0 /* Debug */,
				8C679F071BC5A92D004376E0 /* Release */,
			);
			defaultConfigurationIsVisible = 0;
			defaultConfigurationName = Release;
		};
		8C679F081BC5A92D004376E0 /* Build configuration list for PBXNativeTarget "BlocstagramUITests" */ = {
			isa = XCConfigurationList;
			buildConfigurations = (
				8C679F091BC5A92D004376E0 /* Debug */,
				8C679F0A1BC5A92D004376E0 /* Release */,
			);
			defaultConfigurationIsVisible = 0;
			defaultConfigurationName = Release;
		};
/* End XCConfigurationList section */
	};
	rootObject = 8C679ECD1BC5A92D004376E0 /* Project object */;
}
